
Microsoft Visual Studio Solution File, Format Version 12.00
# Visual Studio Version 17
VisualStudioVersion = 17.13.35919.96 d17.13
MinimumVisualStudioVersion = 10.0.40219.1
Project("{FAE04EC0-301F-11D3-BF4B-00C04F79EFBC}") = "GestionTareas", "GestionTareas\GestionTareas.csproj", "{692A9D77-9723-4EE4-ADED-6A664E2EB104}"
EndProject
Project("{FAE04EC0-301F-11D3-BF4B-00C04F79EFBC}") = "Tarea.Api", "Tarea.Api\Tarea.Api.csproj", "{7270731A-C7B3-447F-8508-60045204DB56}"
EndProject
Project("{FAE04EC0-301F-11D3-BF4B-00C04F79EFBC}") = "Tarea.Api.Consumer", "Tarea.Api.Consumer\Tarea.Api.Consumer.csproj", "{45000F32-904F-486D-8447-8DA18E7D7D32}"
EndProject
Project("{FAE04EC0-301F-11D3-BF4B-00C04F79EFBC}") = "Tarea.Mvc", "Tarea.Mvc\Tarea.Mvc.csproj", "{FD1E7B3F-C3B5-46BC-B9A7-1989488E45C5}"
EndProject
Global
	GlobalSection(SolutionConfigurationPlatforms) = preSolution
		Debug|Any CPU = Debug|Any CPU
		Release|Any CPU = Release|Any CPU
	EndGlobalSection
	GlobalSection(ProjectConfigurationPlatforms) = postSolution
		{692A9D77-9723-4EE4-ADED-6A664E2EB104}.Debug|Any CPU.ActiveCfg = Debug|Any CPU
		{692A9D77-9723-4EE4-ADED-6A664E2EB104}.Debug|Any CPU.Build.0 = Debug|Any CPU
		{692A9D77-9723-4EE4-ADED-6A664E2EB104}.Release|Any CPU.ActiveCfg = Release|Any CPU
		{692A9D77-9723-4EE4-ADED-6A664E2EB104}.Release|Any CPU.Build.0 = Release|Any CPU
		{7270731A-C7B3-447F-8508-60045204DB56}.Debug|Any CPU.ActiveCfg = Debug|Any CPU
		{7270731A-C7B3-447F-8508-60045204DB56}.Debug|Any CPU.Build.0 = Debug|Any CPU
		{7270731A-C7B3-447F-8508-60045204DB56}.Release|Any CPU.ActiveCfg = Release|Any CPU
		{7270731A-C7B3-447F-8508-60045204DB56}.Release|Any CPU.Build.0 = Release|Any CPU
		{45000F32-904F-486D-8447-8DA18E7D7D32}.Debug|Any CPU.ActiveCfg = Debug|Any CPU
		{45000F32-904F-486D-8447-8DA18E7D7D32}.Debug|Any CPU.Build.0 = Debug|Any CPU
		{45000F32-904F-486D-8447-8DA18E7D7D32}.Release|Any CPU.ActiveCfg = Release|Any CPU
		{45000F32-904F-486D-8447-8DA18E7D7D32}.Release|Any CPU.Build.0 = Release|Any CPU
		{FD1E7B3F-C3B5-46BC-B9A7-1989488E45C5}.Debug|Any CPU.ActiveCfg = Debug|Any CPU
		{FD1E7B3F-C3B5-46BC-B9A7-1989488E45C5}.Debug|Any CPU.Build.0 = Debug|Any CPU
		{FD1E7B3F-C3B5-46BC-B9A7-1989488E45C5}.Release|Any CPU.ActiveCfg = Release|Any CPU
		{FD1E7B3F-C3B5-46BC-B9A7-1989488E45C5}.Release|Any CPU.Build.0 = Release|Any CPU
	EndGlobalSection
	GlobalSection(SolutionProperties) = preSolution
		HideSolutionNode = FALSE
	EndGlobalSection
	GlobalSection(ExtensibilityGlobals) = postSolution
		SolutionGuid = {A8271655-D614-4AB9-A133-7AE8F8DB687C}
	EndGlobalSection
EndGlobal
